// !$*UTF8*$!
{
	archiveVersion = 1;
	classes = {
	};
	objectVersion = 51;
	objects = {

/* Begin PBXBuildFile section */
		1142320C2B1ED1DF4077307F /* Pods_CleanCrypto.framework in Frameworks */ = {isa = PBXBuildFile; fileRef = 819E9718C8B22986D6D53351 /* Pods_CleanCrypto.framework */; };
		3B019574252AA2E500E1A295 /* CryptoViewControllerTest.swift in Sources */ = {isa = PBXBuildFile; fileRef = 3B019573252AA2E500E1A295 /* CryptoViewControllerTest.swift */; };
		3B0195A3252AAA2C00E1A295 /* UIImage.swift in Sources */ = {isa = PBXBuildFile; fileRef = 3B0195A2252AAA2C00E1A295 /* UIImage.swift */; };
		3B0195AB252AAA4A00E1A295 /* XCTestCase.swift in Sources */ = {isa = PBXBuildFile; fileRef = 3B0195AA252AAA4A00E1A295 /* XCTestCase.swift */; };
		3B0195B0252AAA5500E1A295 /* KIFTestActor.swift in Sources */ = {isa = PBXBuildFile; fileRef = 3B0195AF252AAA5500E1A295 /* KIFTestActor.swift */; };
		3B0195D0252AAEFE00E1A295 /* SnapshotsTestsHelper.swift in Sources */ = {isa = PBXBuildFile; fileRef = 3B0195CF252AAEFE00E1A295 /* SnapshotsTestsHelper.swift */; };
		3B0195D9252AAFB100E1A295 /* CryptoDetailViewControllerTest.swift in Sources */ = {isa = PBXBuildFile; fileRef = 3B0195D8252AAFB100E1A295 /* CryptoDetailViewControllerTest.swift */; };
		3B0195E1252ABD9700E1A295 /* CryptoWorkerMock.swift in Sources */ = {isa = PBXBuildFile; fileRef = 3B0195E0252ABD9700E1A295 /* CryptoWorkerMock.swift */; };
		3B0195ED252ABE9700E1A295 /* CryptoPresenterMock.swift in Sources */ = {isa = PBXBuildFile; fileRef = 3B0195EC252ABE9700E1A295 /* CryptoPresenterMock.swift */; };
		3B0195F2252ABFD500E1A295 /* JSONReaderHelper.swift in Sources */ = {isa = PBXBuildFile; fileRef = 3B0195F1252ABFD500E1A295 /* JSONReaderHelper.swift */; };
		3B01961C252AC2EB00E1A295 /* CryptoInteractorTest.swift in Sources */ = {isa = PBXBuildFile; fileRef = 3B01961B252AC2EB00E1A295 /* CryptoInteractorTest.swift */; };
		3B01963F252AD19400E1A295 /* CryptoDetailInteractorTest.swift in Sources */ = {isa = PBXBuildFile; fileRef = 3B01963E252AD19400E1A295 /* CryptoDetailInteractorTest.swift */; };
		3B01964D252AD33300E1A295 /* CryptoDetailPresenterMock.swift in Sources */ = {isa = PBXBuildFile; fileRef = 3B01964C252AD33300E1A295 /* CryptoDetailPresenterMock.swift */; };
		3B019652252AD62500E1A295 /* CryptoDetailRouter.swift in Sources */ = {isa = PBXBuildFile; fileRef = 3B019651252AD62500E1A295 /* CryptoDetailRouter.swift */; };
		3B019657252AE54B00E1A295 /* crypto-response-btc-usd.json in Resources */ = {isa = PBXBuildFile; fileRef = 3B019656252AE54B00E1A295 /* crypto-response-btc-usd.json */; };
		3BF6490D252A5C7B0020E59A /* CryptoProvider.swift in Sources */ = {isa = PBXBuildFile; fileRef = 3BF6490C252A5C7B0020E59A /* CryptoProvider.swift */; };
		3BF64913252A5CDA0020E59A /* NetworkError.swift in Sources */ = {isa = PBXBuildFile; fileRef = 3BF64912252A5CDA0020E59A /* NetworkError.swift */; };
		3BF64918252A5D130020E59A /* NetworkProvider.swift in Sources */ = {isa = PBXBuildFile; fileRef = 3BF64917252A5D130020E59A /* NetworkProvider.swift */; };
		3BF6491D252A5D310020E59A /* NetworkProviderProtocol.swift in Sources */ = {isa = PBXBuildFile; fileRef = 3BF6491C252A5D310020E59A /* NetworkProviderProtocol.swift */; };
		3BF64922252A6F700020E59A /* Data.swift in Sources */ = {isa = PBXBuildFile; fileRef = 3BF64921252A6F700020E59A /* Data.swift */; };
		598272F92522B43100BA0D06 /* CryptoDetailPresenter.swift in Sources */ = {isa = PBXBuildFile; fileRef = 598272F32522B43100BA0D06 /* CryptoDetailPresenter.swift */; };
		598272FC2522B43100BA0D06 /* CryptoDetailModels.swift in Sources */ = {isa = PBXBuildFile; fileRef = 598272F62522B43100BA0D06 /* CryptoDetailModels.swift */; };
		598272FD2522B43100BA0D06 /* CryptoDetailViewController.swift in Sources */ = {isa = PBXBuildFile; fileRef = 598272F72522B43100BA0D06 /* CryptoDetailViewController.swift */; };
		598272FE2522B43100BA0D06 /* CryptoDetailInteractor.swift in Sources */ = {isa = PBXBuildFile; fileRef = 598272F82522B43100BA0D06 /* CryptoDetailInteractor.swift */; };
		598273022522C74A00BA0D06 /* String.swift in Sources */ = {isa = PBXBuildFile; fileRef = 598273012522C74A00BA0D06 /* String.swift */; };
		59D5ED88252181B900DB8AB5 /* CryptoPresenter.swift in Sources */ = {isa = PBXBuildFile; fileRef = 59D5ED82252181B900DB8AB5 /* CryptoPresenter.swift */; };
		59D5ED8A252181B900DB8AB5 /* CryptoRouter.swift in Sources */ = {isa = PBXBuildFile; fileRef = 59D5ED84252181B900DB8AB5 /* CryptoRouter.swift */; };
		59D5ED8B252181B900DB8AB5 /* CryptoModels.swift in Sources */ = {isa = PBXBuildFile; fileRef = 59D5ED85252181B900DB8AB5 /* CryptoModels.swift */; };
		59D5ED8C252181B900DB8AB5 /* CryptoViewController.swift in Sources */ = {isa = PBXBuildFile; fileRef = 59D5ED86252181B900DB8AB5 /* CryptoViewController.swift */; };
		59D5ED8D252181B900DB8AB5 /* Cryptolnteractor.swift in Sources */ = {isa = PBXBuildFile; fileRef = 59D5ED87252181B900DB8AB5 /* Cryptolnteractor.swift */; };
		59D5ED972521966600DB8AB5 /* CryptoWorker.swift in Sources */ = {isa = PBXBuildFile; fileRef = 59D5ED962521966600DB8AB5 /* CryptoWorker.swift */; };
		715283072213143A004602FF /* AppDelegate.swift in Sources */ = {isa = PBXBuildFile; fileRef = 715283062213143A004602FF /* AppDelegate.swift */; };
		7152830C2213143A004602FF /* Main.storyboard in Resources */ = {isa = PBXBuildFile; fileRef = 7152830A2213143A004602FF /* Main.storyboard */; };
		7152830E2213143D004602FF /* Assets.xcassets in Resources */ = {isa = PBXBuildFile; fileRef = 7152830D2213143D004602FF /* Assets.xcassets */; };
		715283112213143D004602FF /* LaunchScreen.storyboard in Resources */ = {isa = PBXBuildFile; fileRef = 7152830F2213143D004602FF /* LaunchScreen.storyboard */; };
		7F771A86C779BA5380B21832 /* Pods_CleanCryptoSnapshotsTests.framework in Frameworks */ = {isa = PBXBuildFile; fileRef = 2439DBE4C496260CDE75E45D /* Pods_CleanCryptoSnapshotsTests.framework */; };
		90EC76A1A9D98EAE6FB4BF19 /* Pods_CleanCryptoTests.framework in Frameworks */ = {isa = PBXBuildFile; fileRef = 3F99E05EAB21EADB988BA81B /* Pods_CleanCryptoTests.framework */; };
/* End PBXBuildFile section */

/* Begin PBXContainerItemProxy section */
		3B019576252AA2E500E1A295 /* PBXContainerItemProxy */ = {
			isa = PBXContainerItemProxy;
			containerPortal = 715282FB2213143A004602FF /* Project object */;
			proxyType = 1;
			remoteGlobalIDString = 715283022213143A004602FF;
			remoteInfo = CleanCrypto;
		};
		3BA89BEB252A43B30004CB2B /* PBXContainerItemProxy */ = {
			isa = PBXContainerItemProxy;
			containerPortal = 715282FB2213143A004602FF /* Project object */;
			proxyType = 1;
			remoteGlobalIDString = 715283022213143A004602FF;
			remoteInfo = CleanCrypto;
		};
/* End PBXContainerItemProxy section */

/* Begin PBXFileReference section */
		0CEBD260203F950777C46940 /* Pods-CleanCryptoTests.release.xcconfig */ = {isa = PBXFileReference; includeInIndex = 1; lastKnownFileType = text.xcconfig; name = "Pods-CleanCryptoTests.release.xcconfig"; path = "Target Support Files/Pods-CleanCryptoTests/Pods-CleanCryptoTests.release.xcconfig"; sourceTree = "<group>"; };
		1D956F949A1D66138AD8285F /* Pods-CleanCrypto.release.xcconfig */ = {isa = PBXFileReference; includeInIndex = 1; lastKnownFileType = text.xcconfig; name = "Pods-CleanCrypto.release.xcconfig"; path = "Target Support Files/Pods-CleanCrypto/Pods-CleanCrypto.release.xcconfig"; sourceTree = "<group>"; };
		2439DBE4C496260CDE75E45D /* Pods_CleanCryptoSnapshotsTests.framework */ = {isa = PBXFileReference; explicitFileType = wrapper.framework; includeInIndex = 0; path = Pods_CleanCryptoSnapshotsTests.framework; sourceTree = BUILT_PRODUCTS_DIR; };
		3B019571252AA2E500E1A295 /* CleanCryptoSnapshotsTests.xctest */ = {isa = PBXFileReference; explicitFileType = wrapper.cfbundle; includeInIndex = 0; path = CleanCryptoSnapshotsTests.xctest; sourceTree = BUILT_PRODUCTS_DIR; };
		3B019573252AA2E500E1A295 /* CryptoViewControllerTest.swift */ = {isa = PBXFileReference; lastKnownFileType = sourcecode.swift; path = CryptoViewControllerTest.swift; sourceTree = "<group>"; };
		3B019575252AA2E500E1A295 /* Info.plist */ = {isa = PBXFileReference; lastKnownFileType = text.plist.xml; path = Info.plist; sourceTree = "<group>"; };
		3B0195A2252AAA2C00E1A295 /* UIImage.swift */ = {isa = PBXFileReference; lastKnownFileType = sourcecode.swift; path = UIImage.swift; sourceTree = "<group>"; };
		3B0195AA252AAA4A00E1A295 /* XCTestCase.swift */ = {isa = PBXFileReference; lastKnownFileType = sourcecode.swift; path = XCTestCase.swift; sourceTree = "<group>"; };
		3B0195AF252AAA5500E1A295 /* KIFTestActor.swift */ = {isa = PBXFileReference; lastKnownFileType = sourcecode.swift; path = KIFTestActor.swift; sourceTree = "<group>"; };
		3B0195CF252AAEFE00E1A295 /* SnapshotsTestsHelper.swift */ = {isa = PBXFileReference; lastKnownFileType = sourcecode.swift; path = SnapshotsTestsHelper.swift; sourceTree = "<group>"; };
		3B0195D8252AAFB100E1A295 /* CryptoDetailViewControllerTest.swift */ = {isa = PBXFileReference; lastKnownFileType = sourcecode.swift; path = CryptoDetailViewControllerTest.swift; sourceTree = "<group>"; };
		3B0195E0252ABD9700E1A295 /* CryptoWorkerMock.swift */ = {isa = PBXFileReference; lastKnownFileType = sourcecode.swift; path = CryptoWorkerMock.swift; sourceTree = "<group>"; };
		3B0195EC252ABE9700E1A295 /* CryptoPresenterMock.swift */ = {isa = PBXFileReference; lastKnownFileType = sourcecode.swift; path = CryptoPresenterMock.swift; sourceTree = "<group>"; };
		3B0195F1252ABFD500E1A295 /* JSONReaderHelper.swift */ = {isa = PBXFileReference; lastKnownFileType = sourcecode.swift; path = JSONReaderHelper.swift; sourceTree = "<group>"; };
		3B01961B252AC2EB00E1A295 /* CryptoInteractorTest.swift */ = {isa = PBXFileReference; lastKnownFileType = sourcecode.swift; path = CryptoInteractorTest.swift; sourceTree = "<group>"; };
		3B01963E252AD19400E1A295 /* CryptoDetailInteractorTest.swift */ = {isa = PBXFileReference; lastKnownFileType = sourcecode.swift; path = CryptoDetailInteractorTest.swift; sourceTree = "<group>"; };
		3B01964C252AD33300E1A295 /* CryptoDetailPresenterMock.swift */ = {isa = PBXFileReference; lastKnownFileType = sourcecode.swift; path = CryptoDetailPresenterMock.swift; sourceTree = "<group>"; };
		3B019651252AD62500E1A295 /* CryptoDetailRouter.swift */ = {isa = PBXFileReference; lastKnownFileType = sourcecode.swift; path = CryptoDetailRouter.swift; sourceTree = "<group>"; };
		3B019656252AE54B00E1A295 /* crypto-response-btc-usd.json */ = {isa = PBXFileReference; lastKnownFileType = text.json; path = "crypto-response-btc-usd.json"; sourceTree = "<group>"; };
		3BA89BE6252A43B30004CB2B /* CleanCryptoTests.xctest */ = {isa = PBXFileReference; explicitFileType = wrapper.cfbundle; includeInIndex = 0; path = CleanCryptoTests.xctest; sourceTree = BUILT_PRODUCTS_DIR; };
		3BA89BEA252A43B30004CB2B /* Info.plist */ = {isa = PBXFileReference; lastKnownFileType = text.plist.xml; path = Info.plist; sourceTree = "<group>"; };
		3BF6490C252A5C7B0020E59A /* CryptoProvider.swift */ = {isa = PBXFileReference; lastKnownFileType = sourcecode.swift; path = CryptoProvider.swift; sourceTree = "<group>"; };
		3BF64912252A5CDA0020E59A /* NetworkError.swift */ = {isa = PBXFileReference; lastKnownFileType = sourcecode.swift; path = NetworkError.swift; sourceTree = "<group>"; };
		3BF64917252A5D130020E59A /* NetworkProvider.swift */ = {isa = PBXFileReference; lastKnownFileType = sourcecode.swift; path = NetworkProvider.swift; sourceTree = "<group>"; };
		3BF6491C252A5D310020E59A /* NetworkProviderProtocol.swift */ = {isa = PBXFileReference; lastKnownFileType = sourcecode.swift; path = NetworkProviderProtocol.swift; sourceTree = "<group>"; };
		3BF64921252A6F700020E59A /* Data.swift */ = {isa = PBXFileReference; lastKnownFileType = sourcecode.swift; path = Data.swift; sourceTree = "<group>"; };
		3F99E05EAB21EADB988BA81B /* Pods_CleanCryptoTests.framework */ = {isa = PBXFileReference; explicitFileType = wrapper.framework; includeInIndex = 0; path = Pods_CleanCryptoTests.framework; sourceTree = BUILT_PRODUCTS_DIR; };
		49A9213C1895FFE67D64D747 /* Pods-CleanCrypto.debug.xcconfig */ = {isa = PBXFileReference; includeInIndex = 1; lastKnownFileType = text.xcconfig; name = "Pods-CleanCrypto.debug.xcconfig"; path = "Target Support Files/Pods-CleanCrypto/Pods-CleanCrypto.debug.xcconfig"; sourceTree = "<group>"; };
		598272F32522B43100BA0D06 /* CryptoDetailPresenter.swift */ = {isa = PBXFileReference; lastKnownFileType = sourcecode.swift; path = CryptoDetailPresenter.swift; sourceTree = "<group>"; };
		598272F62522B43100BA0D06 /* CryptoDetailModels.swift */ = {isa = PBXFileReference; lastKnownFileType = sourcecode.swift; path = CryptoDetailModels.swift; sourceTree = "<group>"; };
		598272F72522B43100BA0D06 /* CryptoDetailViewController.swift */ = {isa = PBXFileReference; lastKnownFileType = sourcecode.swift; path = CryptoDetailViewController.swift; sourceTree = "<group>"; };
		598272F82522B43100BA0D06 /* CryptoDetailInteractor.swift */ = {isa = PBXFileReference; lastKnownFileType = sourcecode.swift; path = CryptoDetailInteractor.swift; sourceTree = "<group>"; };
		598273012522C74A00BA0D06 /* String.swift */ = {isa = PBXFileReference; lastKnownFileType = sourcecode.swift; path = String.swift; sourceTree = "<group>"; };
		59D5ED82252181B900DB8AB5 /* CryptoPresenter.swift */ = {isa = PBXFileReference; lastKnownFileType = sourcecode.swift; path = CryptoPresenter.swift; sourceTree = "<group>"; };
		59D5ED84252181B900DB8AB5 /* CryptoRouter.swift */ = {isa = PBXFileReference; lastKnownFileType = sourcecode.swift; path = CryptoRouter.swift; sourceTree = "<group>"; };
		59D5ED85252181B900DB8AB5 /* CryptoModels.swift */ = {isa = PBXFileReference; lastKnownFileType = sourcecode.swift; path = CryptoModels.swift; sourceTree = "<group>"; };
		59D5ED86252181B900DB8AB5 /* CryptoViewController.swift */ = {isa = PBXFileReference; lastKnownFileType = sourcecode.swift; path = CryptoViewController.swift; sourceTree = "<group>"; };
		59D5ED87252181B900DB8AB5 /* Cryptolnteractor.swift */ = {isa = PBXFileReference; lastKnownFileType = sourcecode.swift; path = Cryptolnteractor.swift; sourceTree = "<group>"; };
		59D5ED962521966600DB8AB5 /* CryptoWorker.swift */ = {isa = PBXFileReference; lastKnownFileType = sourcecode.swift; path = CryptoWorker.swift; sourceTree = "<group>"; };
		5D7CCBF3CF7FFC74B4F195A1 /* Pods-CleanCryptoSnapshotsTests.debug.xcconfig */ = {isa = PBXFileReference; includeInIndex = 1; lastKnownFileType = text.xcconfig; name = "Pods-CleanCryptoSnapshotsTests.debug.xcconfig"; path = "Target Support Files/Pods-CleanCryptoSnapshotsTests/Pods-CleanCryptoSnapshotsTests.debug.xcconfig"; sourceTree = "<group>"; };
		715283032213143A004602FF /* CleanCrypto.app */ = {isa = PBXFileReference; explicitFileType = wrapper.application; includeInIndex = 0; path = CleanCrypto.app; sourceTree = BUILT_PRODUCTS_DIR; };
		715283062213143A004602FF /* AppDelegate.swift */ = {isa = PBXFileReference; lastKnownFileType = sourcecode.swift; path = AppDelegate.swift; sourceTree = "<group>"; };
		7152830B2213143A004602FF /* Base */ = {isa = PBXFileReference; lastKnownFileType = file.storyboard; name = Base; path = Base.lproj/Main.storyboard; sourceTree = "<group>"; };
		7152830D2213143D004602FF /* Assets.xcassets */ = {isa = PBXFileReference; lastKnownFileType = folder.assetcatalog; path = Assets.xcassets; sourceTree = "<group>"; };
		715283102213143D004602FF /* Base */ = {isa = PBXFileReference; lastKnownFileType = file.storyboard; name = Base; path = Base.lproj/LaunchScreen.storyboard; sourceTree = "<group>"; };
		715283122213143D004602FF /* Info.plist */ = {isa = PBXFileReference; lastKnownFileType = text.plist.xml; path = Info.plist; sourceTree = "<group>"; };
		7DC44210B925A07B9BE15336 /* Pods-CleanCryptoSnapshotsTests.release.xcconfig */ = {isa = PBXFileReference; includeInIndex = 1; lastKnownFileType = text.xcconfig; name = "Pods-CleanCryptoSnapshotsTests.release.xcconfig"; path = "Target Support Files/Pods-CleanCryptoSnapshotsTests/Pods-CleanCryptoSnapshotsTests.release.xcconfig"; sourceTree = "<group>"; };
		819E9718C8B22986D6D53351 /* Pods_CleanCrypto.framework */ = {isa = PBXFileReference; explicitFileType = wrapper.framework; includeInIndex = 0; path = Pods_CleanCrypto.framework; sourceTree = BUILT_PRODUCTS_DIR; };
		BCA3877BB280BCBD3C4806AE /* Pods-CleanCryptoTests.debug.xcconfig */ = {isa = PBXFileReference; includeInIndex = 1; lastKnownFileType = text.xcconfig; name = "Pods-CleanCryptoTests.debug.xcconfig"; path = "Target Support Files/Pods-CleanCryptoTests/Pods-CleanCryptoTests.debug.xcconfig"; sourceTree = "<group>"; };
/* End PBXFileReference section */

/* Begin PBXFrameworksBuildPhase section */
		3B01956E252AA2E500E1A295 /* Frameworks */ = {
			isa = PBXFrameworksBuildPhase;
			buildActionMask = 2147483647;
			files = (
				7F771A86C779BA5380B21832 /* Pods_CleanCryptoSnapshotsTests.framework in Frameworks */,
			);
			runOnlyForDeploymentPostprocessing = 0;
		};
		3BA89BE3252A43B30004CB2B /* Frameworks */ = {
			isa = PBXFrameworksBuildPhase;
			buildActionMask = 2147483647;
			files = (
				90EC76A1A9D98EAE6FB4BF19 /* Pods_CleanCryptoTests.framework in Frameworks */,
			);
			runOnlyForDeploymentPostprocessing = 0;
		};
		715283002213143A004602FF /* Frameworks */ = {
			isa = PBXFrameworksBuildPhase;
			buildActionMask = 2147483647;
			files = (
				1142320C2B1ED1DF4077307F /* Pods_CleanCrypto.framework in Frameworks */,
			);
			runOnlyForDeploymentPostprocessing = 0;
		};
/* End PBXFrameworksBuildPhase section */

/* Begin PBXGroup section */
		3B019572252AA2E500E1A295 /* CleanCryptoSnapshotsTests */ = {
			isa = PBXGroup;
			children = (
				3B0195CE252AAEE000E1A295 /* Helper */,
				3B0195A1252AAA1F00E1A295 /* Extensions */,
				3B019596252AA85500E1A295 /* Scenes */,
				3B019575252AA2E500E1A295 /* Info.plist */,
			);
			path = CleanCryptoSnapshotsTests;
			sourceTree = "<group>";
		};
		3B019596252AA85500E1A295 /* Scenes */ = {
			isa = PBXGroup;
			children = (
				3B01959A252AA9CC00E1A295 /* Crypto */,
				3B0195D7252AAF8600E1A295 /* CryptoDetail */,
			);
			path = Scenes;
			sourceTree = "<group>";
		};
		3B01959A252AA9CC00E1A295 /* Crypto */ = {
			isa = PBXGroup;
			children = (
				3B019573252AA2E500E1A295 /* CryptoViewControllerTest.swift */,
			);
			path = Crypto;
			sourceTree = "<group>";
		};
		3B0195A1252AAA1F00E1A295 /* Extensions */ = {
			isa = PBXGroup;
			children = (
				3B0195A2252AAA2C00E1A295 /* UIImage.swift */,
				3B0195AA252AAA4A00E1A295 /* XCTestCase.swift */,
				3B0195AF252AAA5500E1A295 /* KIFTestActor.swift */,
			);
			path = Extensions;
			sourceTree = "<group>";
		};
		3B0195CE252AAEE000E1A295 /* Helper */ = {
			isa = PBXGroup;
			children = (
				3B0195CF252AAEFE00E1A295 /* SnapshotsTestsHelper.swift */,
			);
			path = Helper;
			sourceTree = "<group>";
		};
		3B0195D7252AAF8600E1A295 /* CryptoDetail */ = {
			isa = PBXGroup;
			children = (
				3B0195D8252AAFB100E1A295 /* CryptoDetailViewControllerTest.swift */,
			);
			path = CryptoDetail;
			sourceTree = "<group>";
		};
		3B0195E5252ABDA500E1A295 /* Crypto */ = {
			isa = PBXGroup;
			children = (
				3B01961B252AC2EB00E1A295 /* CryptoInteractorTest.swift */,
			);
			path = Crypto;
			sourceTree = "<group>";
		};
		3B0195F6252AC0D700E1A295 /* View */ = {
			isa = PBXGroup;
			children = (
				7152830A2213143A004602FF /* Main.storyboard */,
				7152830F2213143D004602FF /* LaunchScreen.storyboard */,
			);
			path = View;
			sourceTree = "<group>";
		};
		3B0195F7252AC0E900E1A295 /* Resources */ = {
			isa = PBXGroup;
			children = (
				3B019656252AE54B00E1A295 /* crypto-response-btc-usd.json */,
			);
			path = Resources;
			sourceTree = "<group>";
		};
		3B01963D252AD17200E1A295 /* CryptoDetail */ = {
			isa = PBXGroup;
			children = (
				3B01963E252AD19400E1A295 /* CryptoDetailInteractorTest.swift */,
			);
			path = CryptoDetail;
			sourceTree = "<group>";
		};
		3BA89BE7252A43B30004CB2B /* CleanCryptoTests */ = {
			isa = PBXGroup;
			children = (
				3BF648DB252A58DD0020E59A /* UnitTests */,
				3BA89BEA252A43B30004CB2B /* Info.plist */,
			);
			path = CleanCryptoTests;
			sourceTree = "<group>";
		};
		3BF648A4252A55560020E59A /* Scenes */ = {
			isa = PBXGroup;
			children = (
				3B0195E5252ABDA500E1A295 /* Crypto */,
				3B01963D252AD17200E1A295 /* CryptoDetail */,
			);
			path = Scenes;
			sourceTree = "<group>";
		};
		3BF648DB252A58DD0020E59A /* UnitTests */ = {
			isa = PBXGroup;
			children = (
				3BF648E3252A58EE0020E59A /* Helper */,
				3BF648E2252A58E80020E59A /* Mocks */,
				3BF648A4252A55560020E59A /* Scenes */,
			);
			path = UnitTests;
			sourceTree = "<group>";
		};
		3BF648E2252A58E80020E59A /* Mocks */ = {
			isa = PBXGroup;
			children = (
				3B0195E0252ABD9700E1A295 /* CryptoWorkerMock.swift */,
				3B0195EC252ABE9700E1A295 /* CryptoPresenterMock.swift */,
				3B01964C252AD33300E1A295 /* CryptoDetailPresenterMock.swift */,
			);
			path = Mocks;
			sourceTree = "<group>";
		};
		3BF648E3252A58EE0020E59A /* Helper */ = {
			isa = PBXGroup;
			children = (
			);
			path = Helper;
			sourceTree = "<group>";
		};
		3BF648E7252A59800020E59A /* Supporting Files */ = {
			isa = PBXGroup;
			children = (
				715283122213143D004602FF /* Info.plist */,
				7152830D2213143D004602FF /* Assets.xcassets */,
			);
			path = "Supporting Files";
			sourceTree = "<group>";
		};
		3BF648E8252A59890020E59A /* Application */ = {
			isa = PBXGroup;
			children = (
				715283062213143A004602FF /* AppDelegate.swift */,
			);
			path = Application;
			sourceTree = "<group>";
		};
		3BF6490B252A5C530020E59A /* Provider */ = {
			isa = PBXGroup;
			children = (
				3BF6490C252A5C7B0020E59A /* CryptoProvider.swift */,
			);
			path = Provider;
			sourceTree = "<group>";
		};
		3BF64911252A5CBD0020E59A /* Networking */ = {
			isa = PBXGroup;
			children = (
				3BF64912252A5CDA0020E59A /* NetworkError.swift */,
				3BF64917252A5D130020E59A /* NetworkProvider.swift */,
				3BF6491C252A5D310020E59A /* NetworkProviderProtocol.swift */,
			);
			path = Networking;
			sourceTree = "<group>";
		};
		3EC458439BF342BC7C5CAAAE /* Frameworks */ = {
			isa = PBXGroup;
			children = (
				819E9718C8B22986D6D53351 /* Pods_CleanCrypto.framework */,
				2439DBE4C496260CDE75E45D /* Pods_CleanCryptoSnapshotsTests.framework */,
				3F99E05EAB21EADB988BA81B /* Pods_CleanCryptoTests.framework */,
			);
			name = Frameworks;
			sourceTree = "<group>";
		};
		598272F22522B41300BA0D06 /* CryptoDetail */ = {
			isa = PBXGroup;
			children = (
				598272F32522B43100BA0D06 /* CryptoDetailPresenter.swift */,
				598272F62522B43100BA0D06 /* CryptoDetailModels.swift */,
				598272F72522B43100BA0D06 /* CryptoDetailViewController.swift */,
				598272F82522B43100BA0D06 /* CryptoDetailInteractor.swift */,
				3B019651252AD62500E1A295 /* CryptoDetailRouter.swift */,
			);
			path = CryptoDetail;
			sourceTree = "<group>";
		};
		598273002522C73D00BA0D06 /* Extensions */ = {
			isa = PBXGroup;
			children = (
				598273012522C74A00BA0D06 /* String.swift */,
				3BF64921252A6F700020E59A /* Data.swift */,
				3B0195F1252ABFD500E1A295 /* JSONReaderHelper.swift */,
			);
			path = Extensions;
			sourceTree = "<group>";
		};
		59D5ED812521818700DB8AB5 /* Crypto */ = {
			isa = PBXGroup;
			children = (
				3BF6490B252A5C530020E59A /* Provider */,
				59D5ED82252181B900DB8AB5 /* CryptoPresenter.swift */,
				59D5ED962521966600DB8AB5 /* CryptoWorker.swift */,
				59D5ED84252181B900DB8AB5 /* CryptoRouter.swift */,
				59D5ED85252181B900DB8AB5 /* CryptoModels.swift */,
				59D5ED86252181B900DB8AB5 /* CryptoViewController.swift */,
				59D5ED87252181B900DB8AB5 /* Cryptolnteractor.swift */,
			);
			path = Crypto;
			sourceTree = "<group>";
		};
		715282FA2213143A004602FF = {
			isa = PBXGroup;
			children = (
				715283052213143A004602FF /* CleanCrypto */,
				3BA89BE7252A43B30004CB2B /* CleanCryptoTests */,
				3B019572252AA2E500E1A295 /* CleanCryptoSnapshotsTests */,
				715283042213143A004602FF /* Products */,
				FF8F098AFFD2C39D86BBCBEE /* Pods */,
				3EC458439BF342BC7C5CAAAE /* Frameworks */,
			);
			sourceTree = "<group>";
		};
		715283042213143A004602FF /* Products */ = {
			isa = PBXGroup;
			children = (
				715283032213143A004602FF /* CleanCrypto.app */,
				3BA89BE6252A43B30004CB2B /* CleanCryptoTests.xctest */,
				3B019571252AA2E500E1A295 /* CleanCryptoSnapshotsTests.xctest */,
			);
			name = Products;
			sourceTree = "<group>";
		};
		715283052213143A004602FF /* CleanCrypto */ = {
			isa = PBXGroup;
			children = (
				3BF648E8252A59890020E59A /* Application */,
				3BF64911252A5CBD0020E59A /* Networking */,
				71528334221315DB004602FF /* Scenes */,
				3B0195F6252AC0D700E1A295 /* View */,
				598273002522C73D00BA0D06 /* Extensions */,
				3B0195F7252AC0E900E1A295 /* Resources */,
				3BF648E7252A59800020E59A /* Supporting Files */,
			);
			path = CleanCrypto;
			sourceTree = "<group>";
		};
		71528334221315DB004602FF /* Scenes */ = {
			isa = PBXGroup;
			children = (
				59D5ED812521818700DB8AB5 /* Crypto */,
				598272F22522B41300BA0D06 /* CryptoDetail */,
			);
			path = Scenes;
			sourceTree = "<group>";
		};
		FF8F098AFFD2C39D86BBCBEE /* Pods */ = {
			isa = PBXGroup;
			children = (
				49A9213C1895FFE67D64D747 /* Pods-CleanCrypto.debug.xcconfig */,
				1D956F949A1D66138AD8285F /* Pods-CleanCrypto.release.xcconfig */,
				5D7CCBF3CF7FFC74B4F195A1 /* Pods-CleanCryptoSnapshotsTests.debug.xcconfig */,
				7DC44210B925A07B9BE15336 /* Pods-CleanCryptoSnapshotsTests.release.xcconfig */,
				BCA3877BB280BCBD3C4806AE /* Pods-CleanCryptoTests.debug.xcconfig */,
				0CEBD260203F950777C46940 /* Pods-CleanCryptoTests.release.xcconfig */,
			);
			path = Pods;
			sourceTree = "<group>";
		};
/* End PBXGroup section */

/* Begin PBXNativeTarget section */
		3B019570252AA2E500E1A295 /* CleanCryptoSnapshotsTests */ = {
			isa = PBXNativeTarget;
			buildConfigurationList = 3B019578252AA2E500E1A295 /* Build configuration list for PBXNativeTarget "CleanCryptoSnapshotsTests" */;
			buildPhases = (
				81FEFDEB53224AD084E694C5 /* [CP] Check Pods Manifest.lock */,
				3B01956D252AA2E500E1A295 /* Sources */,
				3B01956E252AA2E500E1A295 /* Frameworks */,
				3B01956F252AA2E500E1A295 /* Resources */,
				6C395026EB47FC89536751C2 /* [CP] Embed Pods Frameworks */,
			);
			buildRules = (
			);
			dependencies = (
				3B019577252AA2E500E1A295 /* PBXTargetDependency */,
			);
			name = CleanCryptoSnapshotsTests;
			productName = CleanCryptoSnapshotsTests;
			productReference = 3B019571252AA2E500E1A295 /* CleanCryptoSnapshotsTests.xctest */;
			productType = "com.apple.product-type.bundle.unit-test";
		};
		3BA89BE5252A43B30004CB2B /* CleanCryptoTests */ = {
			isa = PBXNativeTarget;
			buildConfigurationList = 3BA89BEF252A43B30004CB2B /* Build configuration list for PBXNativeTarget "CleanCryptoTests" */;
			buildPhases = (
				03D336D28DCFA7AFB714E2DA /* [CP] Check Pods Manifest.lock */,
				3BA89BE2252A43B30004CB2B /* Sources */,
				3BA89BE3252A43B30004CB2B /* Frameworks */,
				3BA89BE4252A43B30004CB2B /* Resources */,
				9AB9CA836BEE2EFDD28CC85D /* [CP] Embed Pods Frameworks */,
			);
			buildRules = (
			);
			dependencies = (
				3BA89BEC252A43B30004CB2B /* PBXTargetDependency */,
			);
			name = CleanCryptoTests;
			productName = CleanCryptoTests;
			productReference = 3BA89BE6252A43B30004CB2B /* CleanCryptoTests.xctest */;
			productType = "com.apple.product-type.bundle.unit-test";
		};
		715283022213143A004602FF /* CleanCrypto */ = {
			isa = PBXNativeTarget;
			buildConfigurationList = 7152832B2213143D004602FF /* Build configuration list for PBXNativeTarget "CleanCrypto" */;
			buildPhases = (
				4183F04695206C758C8805BD /* [CP] Check Pods Manifest.lock */,
				715282FF2213143A004602FF /* Sources */,
				715283002213143A004602FF /* Frameworks */,
				715283012213143A004602FF /* Resources */,
				7BD76C8524F128A6746F4A1B /* [CP] Embed Pods Frameworks */,
			);
			buildRules = (
			);
			dependencies = (
			);
			name = CleanCrypto;
			productName = CleanCrypto;
			productReference = 715283032213143A004602FF /* CleanCrypto.app */;
			productType = "com.apple.product-type.application";
		};
/* End PBXNativeTarget section */

/* Begin PBXProject section */
		715282FB2213143A004602FF /* Project object */ = {
			isa = PBXProject;
			attributes = {
				LastSwiftUpdateCheck = 1200;
				LastUpgradeCheck = 1200;
				ORGANIZATIONNAME = "Clean Swift LLC";
				TargetAttributes = {
					3B019570252AA2E500E1A295 = {
						CreatedOnToolsVersion = 12.0.1;
						TestTargetID = 715283022213143A004602FF;
					};
					3BA89BE5252A43B30004CB2B = {
						CreatedOnToolsVersion = 11.3.1;
						TestTargetID = 715283022213143A004602FF;
					};
					715283022213143A004602FF = {
						CreatedOnToolsVersion = 10.1;
						LastSwiftMigration = 1020;
					};
				};
			};
			buildConfigurationList = 715282FE2213143A004602FF /* Build configuration list for PBXProject "CleanCrypto" */;
			compatibilityVersion = "Xcode 9.3";
			developmentRegion = en;
			hasScannedForEncodings = 0;
			knownRegions = (
				en,
				Base,
			);
			mainGroup = 715282FA2213143A004602FF;
			productRefGroup = 715283042213143A004602FF /* Products */;
			projectDirPath = "";
			projectRoot = "";
			targets = (
				715283022213143A004602FF /* CleanCrypto */,
				3BA89BE5252A43B30004CB2B /* CleanCryptoTests */,
				3B019570252AA2E500E1A295 /* CleanCryptoSnapshotsTests */,
			);
		};
/* End PBXProject section */

/* Begin PBXResourcesBuildPhase section */
		3B01956F252AA2E500E1A295 /* Resources */ = {
			isa = PBXResourcesBuildPhase;
			buildActionMask = 2147483647;
			files = (
			);
			runOnlyForDeploymentPostprocessing = 0;
		};
		3BA89BE4252A43B30004CB2B /* Resources */ = {
			isa = PBXResourcesBuildPhase;
			buildActionMask = 2147483647;
			files = (
			);
			runOnlyForDeploymentPostprocessing = 0;
		};
		715283012213143A004602FF /* Resources */ = {
			isa = PBXResourcesBuildPhase;
			buildActionMask = 2147483647;
			files = (
				3B019657252AE54B00E1A295 /* crypto-response-btc-usd.json in Resources */,
				715283112213143D004602FF /* LaunchScreen.storyboard in Resources */,
				7152830E2213143D004602FF /* Assets.xcassets in Resources */,
				7152830C2213143A004602FF /* Main.storyboard in Resources */,
			);
			runOnlyForDeploymentPostprocessing = 0;
		};
/* End PBXResourcesBuildPhase section */

/* Begin PBXShellScriptBuildPhase section */
		03D336D28DCFA7AFB714E2DA /* [CP] Check Pods Manifest.lock */ = {
			isa = PBXShellScriptBuildPhase;
			buildActionMask = 2147483647;
			files = (
			);
			inputFileListPaths = (
			);
			inputPaths = (
				"${PODS_PODFILE_DIR_PATH}/Podfile.lock",
				"${PODS_ROOT}/Manifest.lock",
			);
			name = "[CP] Check Pods Manifest.lock";
			outputFileListPaths = (
			);
			outputPaths = (
				"$(DERIVED_FILE_DIR)/Pods-CleanCryptoTests-checkManifestLockResult.txt",
			);
			runOnlyForDeploymentPostprocessing = 0;
			shellPath = /bin/sh;
			shellScript = "diff \"${PODS_PODFILE_DIR_PATH}/Podfile.lock\" \"${PODS_ROOT}/Manifest.lock\" > /dev/null\nif [ $? != 0 ] ; then\n    # print error to STDERR\n    echo \"error: The sandbox is not in sync with the Podfile.lock. Run 'pod install' or update your CocoaPods installation.\" >&2\n    exit 1\nfi\n# This output is used by Xcode 'outputs' to avoid re-running this script phase.\necho \"SUCCESS\" > \"${SCRIPT_OUTPUT_FILE_0}\"\n";
			showEnvVarsInLog = 0;
		};
		4183F04695206C758C8805BD /* [CP] Check Pods Manifest.lock */ = {
			isa = PBXShellScriptBuildPhase;
			buildActionMask = 2147483647;
			files = (
			);
			inputFileListPaths = (
			);
			inputPaths = (
				"${PODS_PODFILE_DIR_PATH}/Podfile.lock",
				"${PODS_ROOT}/Manifest.lock",
			);
			name = "[CP] Check Pods Manifest.lock";
			outputFileListPaths = (
			);
			outputPaths = (
				"$(DERIVED_FILE_DIR)/Pods-CleanCrypto-checkManifestLockResult.txt",
			);
			runOnlyForDeploymentPostprocessing = 0;
			shellPath = /bin/sh;
			shellScript = "diff \"${PODS_PODFILE_DIR_PATH}/Podfile.lock\" \"${PODS_ROOT}/Manifest.lock\" > /dev/null\nif [ $? != 0 ] ; then\n    # print error to STDERR\n    echo \"error: The sandbox is not in sync with the Podfile.lock. Run 'pod install' or update your CocoaPods installation.\" >&2\n    exit 1\nfi\n# This output is used by Xcode 'outputs' to avoid re-running this script phase.\necho \"SUCCESS\" > \"${SCRIPT_OUTPUT_FILE_0}\"\n";
			showEnvVarsInLog = 0;
		};
		6C395026EB47FC89536751C2 /* [CP] Embed Pods Frameworks */ = {
			isa = PBXShellScriptBuildPhase;
			buildActionMask = 2147483647;
			files = (
			);
			inputFileListPaths = (
				"${PODS_ROOT}/Target Support Files/Pods-CleanCryptoSnapshotsTests/Pods-CleanCryptoSnapshotsTests-frameworks-${CONFIGURATION}-input-files.xcfilelist",
			);
			name = "[CP] Embed Pods Frameworks";
			outputFileListPaths = (
				"${PODS_ROOT}/Target Support Files/Pods-CleanCryptoSnapshotsTests/Pods-CleanCryptoSnapshotsTests-frameworks-${CONFIGURATION}-output-files.xcfilelist",
			);
			runOnlyForDeploymentPostprocessing = 0;
			shellPath = /bin/sh;
			shellScript = "\"${PODS_ROOT}/Target Support Files/Pods-CleanCryptoSnapshotsTests/Pods-CleanCryptoSnapshotsTests-frameworks.sh\"\n";
			showEnvVarsInLog = 0;
		};
		7BD76C8524F128A6746F4A1B /* [CP] Embed Pods Frameworks */ = {
			isa = PBXShellScriptBuildPhase;
			buildActionMask = 2147483647;
			files = (
			);
			inputFileListPaths = (
				"${PODS_ROOT}/Target Support Files/Pods-CleanCrypto/Pods-CleanCrypto-frameworks-${CONFIGURATION}-input-files.xcfilelist",
			);
			name = "[CP] Embed Pods Frameworks";
			outputFileListPaths = (
				"${PODS_ROOT}/Target Support Files/Pods-CleanCrypto/Pods-CleanCrypto-frameworks-${CONFIGURATION}-output-files.xcfilelist",
			);
			runOnlyForDeploymentPostprocessing = 0;
			shellPath = /bin/sh;
			shellScript = "\"${PODS_ROOT}/Target Support Files/Pods-CleanCrypto/Pods-CleanCrypto-frameworks.sh\"\n";
			showEnvVarsInLog = 0;
		};
		81FEFDEB53224AD084E694C5 /* [CP] Check Pods Manifest.lock */ = {
			isa = PBXShellScriptBuildPhase;
			buildActionMask = 2147483647;
			files = (
			);
			inputFileListPaths = (
			);
			inputPaths = (
				"${PODS_PODFILE_DIR_PATH}/Podfile.lock",
				"${PODS_ROOT}/Manifest.lock",
			);
			name = "[CP] Check Pods Manifest.lock";
			outputFileListPaths = (
			);
			outputPaths = (
				"$(DERIVED_FILE_DIR)/Pods-CleanCryptoSnapshotsTests-checkManifestLockResult.txt",
			);
			runOnlyForDeploymentPostprocessing = 0;
			shellPath = /bin/sh;
			shellScript = "diff \"${PODS_PODFILE_DIR_PATH}/Podfile.lock\" \"${PODS_ROOT}/Manifest.lock\" > /dev/null\nif [ $? != 0 ] ; then\n    # print error to STDERR\n    echo \"error: The sandbox is not in sync with the Podfile.lock. Run 'pod install' or update your CocoaPods installation.\" >&2\n    exit 1\nfi\n# This output is used by Xcode 'outputs' to avoid re-running this script phase.\necho \"SUCCESS\" > \"${SCRIPT_OUTPUT_FILE_0}\"\n";
			showEnvVarsInLog = 0;
		};
		9AB9CA836BEE2EFDD28CC85D /* [CP] Embed Pods Frameworks */ = {
			isa = PBXShellScriptBuildPhase;
			buildActionMask = 2147483647;
			files = (
			);
			inputFileListPaths = (
				"${PODS_ROOT}/Target Support Files/Pods-CleanCryptoTests/Pods-CleanCryptoTests-frameworks-${CONFIGURATION}-input-files.xcfilelist",
			);
			name = "[CP] Embed Pods Frameworks";
			outputFileListPaths = (
				"${PODS_ROOT}/Target Support Files/Pods-CleanCryptoTests/Pods-CleanCryptoTests-frameworks-${CONFIGURATION}-output-files.xcfilelist",
			);
			runOnlyForDeploymentPostprocessing = 0;
			shellPath = /bin/sh;
			shellScript = "\"${PODS_ROOT}/Target Support Files/Pods-CleanCryptoTests/Pods-CleanCryptoTests-frameworks.sh\"\n";
			showEnvVarsInLog = 0;
		};
/* End PBXShellScriptBuildPhase section */

/* Begin PBXSourcesBuildPhase section */
		3B01956D252AA2E500E1A295 /* Sources */ = {
			isa = PBXSourcesBuildPhase;
			buildActionMask = 2147483647;
			files = (
				3B0195D9252AAFB100E1A295 /* CryptoDetailViewControllerTest.swift in Sources */,
				3B0195B0252AAA5500E1A295 /* KIFTestActor.swift in Sources */,
				3B0195D0252AAEFE00E1A295 /* SnapshotsTestsHelper.swift in Sources */,
				3B019574252AA2E500E1A295 /* CryptoViewControllerTest.swift in Sources */,
				3B0195AB252AAA4A00E1A295 /* XCTestCase.swift in Sources */,
				3B0195A3252AAA2C00E1A295 /* UIImage.swift in Sources */,
			);
			runOnlyForDeploymentPostprocessing = 0;
		};
		3BA89BE2252A43B30004CB2B /* Sources */ = {
			isa = PBXSourcesBuildPhase;
			buildActionMask = 2147483647;
			files = (
				3B01964D252AD33300E1A295 /* CryptoDetailPresenterMock.swift in Sources */,
				3B01963F252AD19400E1A295 /* CryptoDetailInteractorTest.swift in Sources */,
				3B01961C252AC2EB00E1A295 /* CryptoInteractorTest.swift in Sources */,
				3B0195ED252ABE9700E1A295 /* CryptoPresenterMock.swift in Sources */,
				3B0195E1252ABD9700E1A295 /* CryptoWorkerMock.swift in Sources */,
			);
			runOnlyForDeploymentPostprocessing = 0;
		};
		715282FF2213143A004602FF /* Sources */ = {
			isa = PBXSourcesBuildPhase;
			buildActionMask = 2147483647;
			files = (
				3BF64913252A5CDA0020E59A /* NetworkError.swift in Sources */,
				59D5ED8B252181B900DB8AB5 /* CryptoModels.swift in Sources */,
				598272F92522B43100BA0D06 /* CryptoDetailPresenter.swift in Sources */,
				59D5ED8D252181B900DB8AB5 /* Cryptolnteractor.swift in Sources */,
				598272FD2522B43100BA0D06 /* CryptoDetailViewController.swift in Sources */,
				59D5ED972521966600DB8AB5 /* CryptoWorker.swift in Sources */,
				3B019652252AD62500E1A295 /* CryptoDetailRouter.swift in Sources */,
				59D5ED8A252181B900DB8AB5 /* CryptoRouter.swift in Sources */,
				715283072213143A004602FF /* AppDelegate.swift in Sources */,
				3BF64922252A6F700020E59A /* Data.swift in Sources */,
				3BF64918252A5D130020E59A /* NetworkProvider.swift in Sources */,
				598272FE2522B43100BA0D06 /* CryptoDetailInteractor.swift in Sources */,
				3BF6491D252A5D310020E59A /* NetworkProviderProtocol.swift in Sources */,
				3BF6490D252A5C7B0020E59A /* CryptoProvider.swift in Sources */,
				59D5ED88252181B900DB8AB5 /* CryptoPresenter.swift in Sources */,
				598273022522C74A00BA0D06 /* String.swift in Sources */,
				59D5ED8C252181B900DB8AB5 /* CryptoViewController.swift in Sources */,
				3B0195F2252ABFD500E1A295 /* JSONReaderHelper.swift in Sources */,
				598272FC2522B43100BA0D06 /* CryptoDetailModels.swift in Sources */,
			);
			runOnlyForDeploymentPostprocessing = 0;
		};
/* End PBXSourcesBuildPhase section */

/* Begin PBXTargetDependency section */
		3B019577252AA2E500E1A295 /* PBXTargetDependency */ = {
			isa = PBXTargetDependency;
			target = 715283022213143A004602FF /* CleanCrypto */;
			targetProxy = 3B019576252AA2E500E1A295 /* PBXContainerItemProxy */;
		};
		3BA89BEC252A43B30004CB2B /* PBXTargetDependency */ = {
			isa = PBXTargetDependency;
			target = 715283022213143A004602FF /* CleanCrypto */;
			targetProxy = 3BA89BEB252A43B30004CB2B /* PBXContainerItemProxy */;
		};
/* End PBXTargetDependency section */

/* Begin PBXVariantGroup section */
		7152830A2213143A004602FF /* Main.storyboard */ = {
			isa = PBXVariantGroup;
			children = (
				7152830B2213143A004602FF /* Base */,
			);
			name = Main.storyboard;
			sourceTree = "<group>";
		};
		7152830F2213143D004602FF /* LaunchScreen.storyboard */ = {
			isa = PBXVariantGroup;
			children = (
				715283102213143D004602FF /* Base */,
			);
			name = LaunchScreen.storyboard;
			sourceTree = "<group>";
		};
/* End PBXVariantGroup section */

/* Begin XCBuildConfiguration section */
		3B019579252AA2E500E1A295 /* Debug */ = {
			isa = XCBuildConfiguration;
			baseConfigurationReference = 5D7CCBF3CF7FFC74B4F195A1 /* Pods-CleanCryptoSnapshotsTests.debug.xcconfig */;
			buildSettings = {
				BUNDLE_LOADER = "$(TEST_HOST)";
				CODE_SIGN_STYLE = Automatic;
				INFOPLIST_FILE = CleanCryptoSnapshotsTests/Info.plist;
				IPHONEOS_DEPLOYMENT_TARGET = 14.0;
				LD_RUNPATH_SEARCH_PATHS = (
					"$(inherited)",
					"@executable_path/Frameworks",
					"@loader_path/Frameworks",
				);
				PRODUCT_BUNDLE_IDENTIFIER = com.jpsg.CleanCryptoSnapshotsTests;
				PRODUCT_NAME = "$(TARGET_NAME)";
				SWIFT_VERSION = 5.0;
				TARGETED_DEVICE_FAMILY = "1,2";
				TEST_HOST = "$(BUILT_PRODUCTS_DIR)/CleanCrypto.app/CleanCrypto";
			};
			name = Debug;
		};
		3B01957A252AA2E500E1A295 /* Release */ = {
			isa = XCBuildConfiguration;
			baseConfigurationReference = 7DC44210B925A07B9BE15336 /* Pods-CleanCryptoSnapshotsTests.release.xcconfig */;
			buildSettings = {
				BUNDLE_LOADER = "$(TEST_HOST)";
				CODE_SIGN_STYLE = Automatic;
				INFOPLIST_FILE = CleanCryptoSnapshotsTests/Info.plist;
				IPHONEOS_DEPLOYMENT_TARGET = 14.0;
				LD_RUNPATH_SEARCH_PATHS = (
					"$(inherited)",
					"@executable_path/Frameworks",
					"@loader_path/Frameworks",
				);
				PRODUCT_BUNDLE_IDENTIFIER = com.jpsg.CleanCryptoSnapshotsTests;
				PRODUCT_NAME = "$(TARGET_NAME)";
				SWIFT_VERSION = 5.0;
				TARGETED_DEVICE_FAMILY = "1,2";
				TEST_HOST = "$(BUILT_PRODUCTS_DIR)/CleanCrypto.app/CleanCrypto";
			};
			name = Release;
		};
		3BA89BED252A43B30004CB2B /* Debug */ = {
			isa = XCBuildConfiguration;
			baseConfigurationReference = BCA3877BB280BCBD3C4806AE /* Pods-CleanCryptoTests.debug.xcconfig */;
			buildSettings = {
				BUNDLE_LOADER = "$(TEST_HOST)";
				CODE_SIGN_STYLE = Automatic;
				INFOPLIST_FILE = CleanCryptoTests/Info.plist;
				IPHONEOS_DEPLOYMENT_TARGET = 13.2;
				LD_RUNPATH_SEARCH_PATHS = (
					"$(inherited)",
					"@executable_path/Frameworks",
					"@loader_path/Frameworks",
				);
				PRODUCT_BUNDLE_IDENTIFIER = com.jpsg.CleanCryptoTests;
				PRODUCT_NAME = "$(TARGET_NAME)";
				SWIFT_VERSION = 5.0;
				TARGETED_DEVICE_FAMILY = "1,2";
				TEST_HOST = "$(BUILT_PRODUCTS_DIR)/CleanCrypto.app/CleanCrypto";
			};
			name = Debug;
		};
		3BA89BEE252A43B30004CB2B /* Release */ = {
			isa = XCBuildConfiguration;
			baseConfigurationReference = 0CEBD260203F950777C46940 /* Pods-CleanCryptoTests.release.xcconfig */;
			buildSettings = {
				BUNDLE_LOADER = "$(TEST_HOST)";
				CODE_SIGN_STYLE = Automatic;
				INFOPLIST_FILE = CleanCryptoTests/Info.plist;
				IPHONEOS_DEPLOYMENT_TARGET = 13.2;
				LD_RUNPATH_SEARCH_PATHS = (
					"$(inherited)",
					"@executable_path/Frameworks",
					"@loader_path/Frameworks",
				);
				PRODUCT_BUNDLE_IDENTIFIER = com.jpsg.CleanCryptoTests;
				PRODUCT_NAME = "$(TARGET_NAME)";
				SWIFT_VERSION = 5.0;
				TARGETED_DEVICE_FAMILY = "1,2";
				TEST_HOST = "$(BUILT_PRODUCTS_DIR)/CleanCrypto.app/CleanCrypto";
			};
			name = Release;
		};
		715283292213143D004602FF /* Debug */ = {
			isa = XCBuildConfiguration;
			buildSettings = {
				ALWAYS_SEARCH_USER_PATHS = NO;
				CLANG_ANALYZER_NONNULL = YES;
				CLANG_ANALYZER_NUMBER_OBJECT_CONVERSION = YES_AGGRESSIVE;
				CLANG_CXX_LANGUAGE_STANDARD = "gnu++14";
				CLANG_CXX_LIBRARY = "libc++";
				CLANG_ENABLE_MODULES = YES;
				CLANG_ENABLE_OBJC_ARC = YES;
				CLANG_ENABLE_OBJC_WEAK = YES;
				CLANG_WARN_BLOCK_CAPTURE_AUTORELEASING = YES;
				CLANG_WARN_BOOL_CONVERSION = YES;
				CLANG_WARN_COMMA = YES;
				CLANG_WARN_CONSTANT_CONVERSION = YES;
				CLANG_WARN_DEPRECATED_OBJC_IMPLEMENTATIONS = YES;
				CLANG_WARN_DIRECT_OBJC_ISA_USAGE = YES_ERROR;
				CLANG_WARN_DOCUMENTATION_COMMENTS = YES;
				CLANG_WARN_EMPTY_BODY = YES;
				CLANG_WARN_ENUM_CONVERSION = YES;
				CLANG_WARN_INFINITE_RECURSION = YES;
				CLANG_WARN_INT_CONVERSION = YES;
				CLANG_WARN_NON_LITERAL_NULL_CONVERSION = YES;
				CLANG_WARN_OBJC_IMPLICIT_RETAIN_SELF = YES;
				CLANG_WARN_OBJC_LITERAL_CONVERSION = YES;
				CLANG_WARN_OBJC_ROOT_CLASS = YES_ERROR;
				CLANG_WARN_QUOTED_INCLUDE_IN_FRAMEWORK_HEADER = YES;
				CLANG_WARN_RANGE_LOOP_ANALYSIS = YES;
				CLANG_WARN_STRICT_PROTOTYPES = YES;
				CLANG_WARN_SUSPICIOUS_MOVE = YES;
				CLANG_WARN_UNGUARDED_AVAILABILITY = YES_AGGRESSIVE;
				CLANG_WARN_UNREACHABLE_CODE = YES;
				CLANG_WARN__DUPLICATE_METHOD_MATCH = YES;
				CODE_SIGN_IDENTITY = "iPhone Developer";
				COPY_PHASE_STRIP = NO;
				DEBUG_INFORMATION_FORMAT = dwarf;
				ENABLE_STRICT_OBJC_MSGSEND = YES;
				ENABLE_TESTABILITY = YES;
				GCC_C_LANGUAGE_STANDARD = gnu11;
				GCC_DYNAMIC_NO_PIC = NO;
				GCC_NO_COMMON_BLOCKS = YES;
				GCC_OPTIMIZATION_LEVEL = 0;
				GCC_PREPROCESSOR_DEFINITIONS = (
					"DEBUG=1",
					"$(inherited)",
				);
				GCC_WARN_64_TO_32_BIT_CONVERSION = YES;
				GCC_WARN_ABOUT_RETURN_TYPE = YES_ERROR;
				GCC_WARN_UNDECLARED_SELECTOR = YES;
				GCC_WARN_UNINITIALIZED_AUTOS = YES_AGGRESSIVE;
				GCC_WARN_UNUSED_FUNCTION = YES;
				GCC_WARN_UNUSED_VARIABLE = YES;
				IPHONEOS_DEPLOYMENT_TARGET = 13.2;
				MTL_ENABLE_DEBUG_INFO = INCLUDE_SOURCE;
				MTL_FAST_MATH = YES;
				ONLY_ACTIVE_ARCH = YES;
				SDKROOT = iphoneos;
				SWIFT_ACTIVE_COMPILATION_CONDITIONS = DEBUG;
				SWIFT_OPTIMIZATION_LEVEL = "-Onone";
			};
			name = Debug;
		};
		7152832A2213143D004602FF /* Release */ = {
			isa = XCBuildConfiguration;
			buildSettings = {
				ALWAYS_SEARCH_USER_PATHS = NO;
				CLANG_ANALYZER_NONNULL = YES;
				CLANG_ANALYZER_NUMBER_OBJECT_CONVERSION = YES_AGGRESSIVE;
				CLANG_CXX_LANGUAGE_STANDARD = "gnu++14";
				CLANG_CXX_LIBRARY = "libc++";
				CLANG_ENABLE_MODULES = YES;
				CLANG_ENABLE_OBJC_ARC = YES;
				CLANG_ENABLE_OBJC_WEAK = YES;
				CLANG_WARN_BLOCK_CAPTURE_AUTORELEASING = YES;
				CLANG_WARN_BOOL_CONVERSION = YES;
				CLANG_WARN_COMMA = YES;
				CLANG_WARN_CONSTANT_CONVERSION = YES;
				CLANG_WARN_DEPRECATED_OBJC_IMPLEMENTATIONS = YES;
				CLANG_WARN_DIRECT_OBJC_ISA_USAGE = YES_ERROR;
				CLANG_WARN_DOCUMENTATION_COMMENTS = YES;
				CLANG_WARN_EMPTY_BODY = YES;
				CLANG_WARN_ENUM_CONVERSION = YES;
				CLANG_WARN_INFINITE_RECURSION = YES;
				CLANG_WARN_INT_CONVERSION = YES;
				CLANG_WARN_NON_LITERAL_NULL_CONVERSION = YES;
				CLANG_WARN_OBJC_IMPLICIT_RETAIN_SELF = YES;
				CLANG_WARN_OBJC_LITERAL_CONVERSION = YES;
				CLANG_WARN_OBJC_ROOT_CLASS = YES_ERROR;
				CLANG_WARN_QUOTED_INCLUDE_IN_FRAMEWORK_HEADER = YES;
				CLANG_WARN_RANGE_LOOP_ANALYSIS = YES;
				CLANG_WARN_STRICT_PROTOTYPES = YES;
				CLANG_WARN_SUSPICIOUS_MOVE = YES;
				CLANG_WARN_UNGUARDED_AVAILABILITY = YES_AGGRESSIVE;
				CLANG_WARN_UNREACHABLE_CODE = YES;
				CLANG_WARN__DUPLICATE_METHOD_MATCH = YES;
				CODE_SIGN_IDENTITY = "iPhone Developer";
				COPY_PHASE_STRIP = NO;
				DEBUG_INFORMATION_FORMAT = "dwarf-with-dsym";
				ENABLE_NS_ASSERTIONS = NO;
				ENABLE_STRICT_OBJC_MSGSEND = YES;
				GCC_C_LANGUAGE_STANDARD = gnu11;
				GCC_NO_COMMON_BLOCKS = YES;
				GCC_WARN_64_TO_32_BIT_CONVERSION = YES;
				GCC_WARN_ABOUT_RETURN_TYPE = YES_ERROR;
				GCC_WARN_UNDECLARED_SELECTOR = YES;
				GCC_WARN_UNINITIALIZED_AUTOS = YES_AGGRESSIVE;
				GCC_WARN_UNUSED_FUNCTION = YES;
				GCC_WARN_UNUSED_VARIABLE = YES;
				IPHONEOS_DEPLOYMENT_TARGET = 13.2;
				MTL_ENABLE_DEBUG_INFO = NO;
				MTL_FAST_MATH = YES;
				SDKROOT = iphoneos;
				SWIFT_COMPILATION_MODE = wholemodule;
				SWIFT_OPTIMIZATION_LEVEL = "-O";
				VALIDATE_PRODUCT = YES;
			};
			name = Release;
		};
		7152832C2213143D004602FF /* Debug */ = {
			isa = XCBuildConfiguration;
			baseConfigurationReference = 49A9213C1895FFE67D64D747 /* Pods-CleanCrypto.debug.xcconfig */;
			buildSettings = {
				ASSETCATALOG_COMPILER_APPICON_NAME = AppIcon;
				CODE_SIGN_STYLE = Automatic;
				DEVELOPMENT_TEAM = 6MTQAAFW5T;
				INFOPLIST_FILE = "CleanCrypto/Supporting Files/Info.plist";
				LD_RUNPATH_SEARCH_PATHS = (
					"$(inherited)",
					"@executable_path/Frameworks",
				);
				PRODUCT_BUNDLE_IDENTIFIER = com.jpsg.CleanCrypto;
				PRODUCT_NAME = "$(TARGET_NAME)";
				SWIFT_VERSION = 5.0;
				TARGETED_DEVICE_FAMILY = "1,2";
			};
			name = Debug;
		};
		7152832D2213143D004602FF /* Release */ = {
			isa = XCBuildConfiguration;
			baseConfigurationReference = 1D956F949A1D66138AD8285F /* Pods-CleanCrypto.release.xcconfig */;
			buildSettings = {
				ASSETCATALOG_COMPILER_APPICON_NAME = AppIcon;
				CODE_SIGN_STYLE = Automatic;
				DEVELOPMENT_TEAM = 6MTQAAFW5T;
				INFOPLIST_FILE = "CleanCrypto/Supporting Files/Info.plist";
				LD_RUNPATH_SEARCH_PATHS = (
					"$(inherited)",
					"@executable_path/Frameworks",
				);
				PRODUCT_BUNDLE_IDENTIFIER = com.jpsg.CleanCrypto;
				PRODUCT_NAME = "$(TARGET_NAME)";
				SWIFT_VERSION = 5.0;
				TARGETED_DEVICE_FAMILY = "1,2";
			};
			name = Release;
		};
/* End XCBuildConfiguration section */

/* Begin XCConfigurationList section */
		3B019578252AA2E500E1A295 /* Build configuration list for PBXNativeTarget "CleanCryptoSnapshotsTests" */ = {
			isa = XCConfigurationList;
			buildConfigurations = (
				3B019579252AA2E500E1A295 /* Debug */,
				3B01957A252AA2E500E1A295 /* Release */,
			);
			defaultConfigurationIsVisible = 0;
			defaultConfigurationName = Release;
		};
		3BA89BEF252A43B30004CB2B /* Build configuration list for PBXNativeTarget "CleanCryptoTests" */ = {
			isa = XCConfigurationList;
			buildConfigurations = (
				3BA89BED252A43B30004CB2B /* Debug */,
				3BA89BEE252A43B30004CB2B /* Release */,
			);
			defaultConfigurationIsVisible = 0;
			defaultConfigurationName = Release;
		};
		715282FE2213143A004602FF /* Build configuration list for PBXProject "CleanCrypto" */ = {
			isa = XCConfigurationList;
			buildConfigurations = (
				715283292213143D004602FF /* Debug */,
				7152832A2213143D004602FF /* Release */,
			);
			defaultConfigurationIsVisible = 0;
			defaultConfigurationName = Release;
		};
		7152832B2213143D004602FF /* Build configuration list for PBXNativeTarget "CleanCrypto" */ = {
			isa = XCConfigurationList;
			buildConfigurations = (
				7152832C2213143D004602FF /* Debug */,
				7152832D2213143D004602FF /* Release */,
			);
			defaultConfigurationIsVisible = 0;
			defaultConfigurationName = Release;
		};
/* End XCConfigurationList section */
	};
	rootObject = 715282FB2213143A004602FF /* Project object */;
}
